// !$*UTF8*$!
{
	archiveVersion = 1;
	classes = {
	};
	objectVersion = 46;
	objects = {

/* Begin PBXBuildFile section */
		43217CD19CECBDE5AF04D2AD /* libPods-skeleton.a in Frameworks */ = {isa = PBXBuildFile; fileRef = 2C2B5EA956484211E6FED9E1 /* libPods-skeleton.a */; };
		C24838AD1B05192200125E05 /* AppDelegate.m in Sources */ = {isa = PBXBuildFile; fileRef = C24838AC1B05192200125E05 /* AppDelegate.m */; };
		C24838B51B05195D00125E05 /* LaunchScreen.xib in Resources */ = {isa = PBXBuildFile; fileRef = C24838B01B05195D00125E05 /* LaunchScreen.xib */; };
		C24838B71B05195D00125E05 /* ViewController.xib in Resources */ = {isa = PBXBuildFile; fileRef = C24838B31B05195D00125E05 /* ViewController.xib */; };
		C24838C01B051B4200125E05 /* main.m in Sources */ = {isa = PBXBuildFile; fileRef = C24838BD1B051B4200125E05 /* main.m */; };
		C24838C11B051B4200125E05 /* ViewController.m in Sources */ = {isa = PBXBuildFile; fileRef = C24838BF1B051B4200125E05 /* ViewController.m */; };
/* End PBXBuildFile section */

/* Begin PBXFileReference section */
		1782E08031EEF7D38E05B3DA /* Pods.release.xcconfig */ = {isa = PBXFileReference; includeInIndex = 1; lastKnownFileType = text.xcconfig; name = Pods.release.xcconfig; path = "Pods/Target Support Files/Pods/Pods.release.xcconfig"; sourceTree = "<group>"; };
		2C2B5EA956484211E6FED9E1 /* libPods-skeleton.a */ = {isa = PBXFileReference; explicitFileType = archive.ar; includeInIndex = 0; path = "libPods-skeleton.a"; sourceTree = BUILT_PRODUCTS_DIR; };
		3E5C55525E3287A6B916CA6D /* Pods-skeleton.release.xcconfig */ = {isa = PBXFileReference; includeInIndex = 1; lastKnownFileType = text.xcconfig; name = "Pods-skeleton.release.xcconfig"; path = "Pods/Target Support Files/Pods-skeleton/Pods-skeleton.release.xcconfig"; sourceTree = "<group>"; };
		46665A0E1B04EF5E00570495 /* skeleton.app */ = {isa = PBXFileReference; explicitFileType = wrapper.application; includeInIndex = 0; path = skeleton.app; sourceTree = BUILT_PRODUCTS_DIR; };
		46665A411B04F9DA00570495 /* Podfile */ = {isa = PBXFileReference; fileEncoding = 4; lastKnownFileType = text; path = Podfile; sourceTree = "<group>"; };
		4B7022C96B360C6B25C9511F /* Pods-skeleton.debug.xcconfig */ = {isa = PBXFileReference; includeInIndex = 1; lastKnownFileType = text.xcconfig; name = "Pods-skeleton.debug.xcconfig"; path = "Pods/Target Support Files/Pods-skeleton/Pods-skeleton.debug.xcconfig"; sourceTree = "<group>"; };
		8885578140C3B0F2B0D1A410 /* libPods.a */ = {isa = PBXFileReference; explicitFileType = archive.ar; includeInIndex = 0; path = libPods.a; sourceTree = BUILT_PRODUCTS_DIR; };
		C24838AB1B05192200125E05 /* AppDelegate.h */ = {isa = PBXFileReference; fileEncoding = 4; lastKnownFileType = sourcecode.c.h; path = AppDelegate.h; sourceTree = "<group>"; };
		C24838AC1B05192200125E05 /* AppDelegate.m */ = {isa = PBXFileReference; fileEncoding = 4; lastKnownFileType = sourcecode.c.objc; path = AppDelegate.m; sourceTree = "<group>"; };
		C24838B01B05195D00125E05 /* LaunchScreen.xib */ = {isa = PBXFileReference; fileEncoding = 4; lastKnownFileType = file.xib; path = LaunchScreen.xib; sourceTree = "<group>"; };
		C24838B31B05195D00125E05 /* ViewController.xib */ = {isa = PBXFileReference; fileEncoding = 4; lastKnownFileType = file.xib; path = ViewController.xib; sourceTree = "<group>"; };
		C24838BA1B051A1800125E05 /* info.plist */ = {isa = PBXFileReference; fileEncoding = 4; lastKnownFileType = text.plist.xml; path = info.plist; sourceTree = "<group>"; };
		C24838BB1B051A1800125E05 /* prefix.pch */ = {isa = PBXFileReference; fileEncoding = 4; lastKnownFileType = sourcecode.c.h; path = prefix.pch; sourceTree = "<group>"; };
		C24838BD1B051B4200125E05 /* main.m */ = {isa = PBXFileReference; fileEncoding = 4; lastKnownFileType = sourcecode.c.objc; path = main.m; sourceTree = "<group>"; };
		C24838BE1B051B4200125E05 /* ViewController.h */ = {isa = PBXFileReference; fileEncoding = 4; lastKnownFileType = sourcecode.c.h; path = ViewController.h; sourceTree = "<group>"; };
		C24838BF1B051B4200125E05 /* ViewController.m */ = {isa = PBXFileReference; fileEncoding = 4; lastKnownFileType = sourcecode.c.objc; path = ViewController.m; sourceTree = "<group>"; };
		C2520C6D1B051ECF00955E7B /* Dependencies.h */ = {isa = PBXFileReference; fileEncoding = 4; lastKnownFileType = sourcecode.c.h; path = Dependencies.h; sourceTree = "<group>"; };
		D30A3D41E1D24B9F3A589F1E /* Pods.debug.xcconfig */ = {isa = PBXFileReference; includeInIndex = 1; lastKnownFileType = text.xcconfig; name = Pods.debug.xcconfig; path = "Pods/Target Support Files/Pods/Pods.debug.xcconfig"; sourceTree = "<group>"; };
/* End PBXFileReference section */

/* Begin PBXFrameworksBuildPhase section */
		46665A0B1B04EF5E00570495 /* Frameworks */ = {
			isa = PBXFrameworksBuildPhase;
			buildActionMask = 2147483647;
			files = (
				43217CD19CECBDE5AF04D2AD /* libPods-skeleton.a in Frameworks */,
			);
			runOnlyForDeploymentPostprocessing = 0;
		};
/* End PBXFrameworksBuildPhase section */

/* Begin PBXGroup section */
		46665A051B04EF5E00570495 = {
			isa = PBXGroup;
			children = (
				C24838A71B0518CA00125E05 /* Skeleton */,
				D3EE7123FA94A63CEAC7D07E /* Frameworks */,
				46665A0F1B04EF5E00570495 /* Products */,
				4CF6B65B313423FEDB60EF82 /* Pods */,
				46665A411B04F9DA00570495 /* Podfile */,
			);
			sourceTree = "<group>";
		};
		46665A0F1B04EF5E00570495 /* Products */ = {
			isa = PBXGroup;
			children = (
				46665A0E1B04EF5E00570495 /* skeleton.app */,
			);
			name = Products;
			sourceTree = "<group>";
		};
		4CF6B65B313423FEDB60EF82 /* Pods */ = {
			isa = PBXGroup;
			children = (
				D30A3D41E1D24B9F3A589F1E /* Pods.debug.xcconfig */,
				1782E08031EEF7D38E05B3DA /* Pods.release.xcconfig */,
				4B7022C96B360C6B25C9511F /* Pods-skeleton.debug.xcconfig */,
				3E5C55525E3287A6B916CA6D /* Pods-skeleton.release.xcconfig */,
			);
			name = Pods;
			sourceTree = "<group>";
		};
		C24838A71B0518CA00125E05 /* Skeleton */ = {
			isa = PBXGroup;
			children = (
				C24838AA1B05192200125E05 /* classes */,
				C24838B91B051A1800125E05 /* support */,
				C24838AE1B05195D00125E05 /* views */,
			);
			name = Skeleton;
			path = src;
			sourceTree = "<group>";
		};
		C24838AA1B05192200125E05 /* classes */ = {
			isa = PBXGroup;
			children = (
				C2520C6D1B051ECF00955E7B /* Dependencies.h */,
				C24838AB1B05192200125E05 /* AppDelegate.h */,
				C24838AC1B05192200125E05 /* AppDelegate.m */,
				C24838BD1B051B4200125E05 /* main.m */,
				C24838BE1B051B4200125E05 /* ViewController.h */,
				C24838BF1B051B4200125E05 /* ViewController.m */,
			);
			path = classes;
			sourceTree = "<group>";
		};
		C24838AE1B05195D00125E05 /* views */ = {
			isa = PBXGroup;
			children = (
				C24838B01B05195D00125E05 /* LaunchScreen.xib */,
				C24838B31B05195D00125E05 /* ViewController.xib */,
			);
			path = views;
			sourceTree = "<group>";
		};
		C24838B91B051A1800125E05 /* support */ = {
			isa = PBXGroup;
			children = (
				C24838BA1B051A1800125E05 /* info.plist */,
				C24838BB1B051A1800125E05 /* prefix.pch */,
			);
			path = support;
			sourceTree = "<group>";
		};
		D3EE7123FA94A63CEAC7D07E /* Frameworks */ = {
			isa = PBXGroup;
			children = (
				8885578140C3B0F2B0D1A410 /* libPods.a */,
				2C2B5EA956484211E6FED9E1 /* libPods-skeleton.a */,
			);
			name = Frameworks;
			sourceTree = "<group>";
		};
/* End PBXGroup section */

/* Begin PBXNativeTarget section */
		46665A0D1B04EF5E00570495 /* skeleton */ = {
			isa = PBXNativeTarget;
			buildConfigurationList = 46665A311B04EF5E00570495 /* Build configuration list for PBXNativeTarget "skeleton" */;
			buildPhases = (
				523C0EE2BF865B234B3EE896 /* [CP] Check Pods Manifest.lock */,
				46665A0A1B04EF5E00570495 /* Sources */,
				46665A0B1B04EF5E00570495 /* Frameworks */,
				46665A0C1B04EF5E00570495 /* Resources */,
				25FA9B40AEFAE92E3F6E3274 /* [CP] Copy Pods Resources */,
				A72EE762BC1C55E4D4F1EFC4 /* [CP] Embed Pods Frameworks */,
			);
			buildRules = (
			);
			dependencies = (
			);
			name = skeleton;
			productName = Details;
			productReference = 46665A0E1B04EF5E00570495 /* skeleton.app */;
			productType = "com.apple.product-type.application";
		};
/* End PBXNativeTarget section */

/* Begin PBXProject section */
		46665A061B04EF5E00570495 /* Project object */ = {
			isa = PBXProject;
			attributes = {
				LastUpgradeCheck = 0910;
				ORGANIZATIONNAME = Details;
				TargetAttributes = {
					46665A0D1B04EF5E00570495 = {
						CreatedOnToolsVersion = 6.3.1;
					};
				};
			};
			buildConfigurationList = 46665A091B04EF5E00570495 /* Build configuration list for PBXProject "ios_skeleton" */;
			compatibilityVersion = "Xcode 3.2";
			developmentRegion = English;
			hasScannedForEncodings = 0;
			knownRegions = (
				en,
				Base,
			);
			mainGroup = 46665A051B04EF5E00570495;
			productRefGroup = 46665A0F1B04EF5E00570495 /* Products */;
			projectDirPath = "";
			projectRoot = "";
			targets = (
				46665A0D1B04EF5E00570495 /* skeleton */,
			);
		};
/* End PBXProject section */

/* Begin PBXResourcesBuildPhase section */
		46665A0C1B04EF5E00570495 /* Resources */ = {
			isa = PBXResourcesBuildPhase;
			buildActionMask = 2147483647;
			files = (
				C24838B51B05195D00125E05 /* LaunchScreen.xib in Resources */,
				C24838B71B05195D00125E05 /* ViewController.xib in Resources */,
			);
			runOnlyForDeploymentPostprocessing = 0;
		};
/* End PBXResourcesBuildPhase section */

/* Begin PBXShellScriptBuildPhase section */
		25FA9B40AEFAE92E3F6E3274 /* [CP] Copy Pods Resources */ = {
			isa = PBXShellScriptBuildPhase;
			buildActionMask = 2147483647;
			files = (
			);
			inputPaths = (
				"${SRCROOT}/Pods/Target Support Files/Pods-skeleton/Pods-skeleton-resources.sh",
				$PODS_CONFIGURATION_BUILD_DIR/Cameo/HMBaseResources.bundle,
			);
			name = "[CP] Copy Pods Resources";
			outputPaths = (
				"${TARGET_BUILD_DIR}/${UNLOCALIZED_RESOURCES_FOLDER_PATH}",
			);
			runOnlyForDeploymentPostprocessing = 0;
			shellPath = /bin/sh;
			shellScript = "\"${SRCROOT}/Pods/Target Support Files/Pods-skeleton/Pods-skeleton-resources.sh\"\n";
			showEnvVarsInLog = 0;
		};
		523C0EE2BF865B234B3EE896 /* [CP] Check Pods Manifest.lock */ = {
			isa = PBXShellScriptBuildPhase;
			buildActionMask = 2147483647;
			files = (
			);
			inputPaths = (
				"${PODS_PODFILE_DIR_PATH}/Podfile.lock",
				"${PODS_ROOT}/Manifest.lock",
			);
			name = "[CP] Check Pods Manifest.lock";
			outputPaths = (
				"$(DERIVED_FILE_DIR)/Pods-skeleton-checkManifestLockResult.txt",
			);
			runOnlyForDeploymentPostprocessing = 0;
			shellPath = /bin/sh;
			shellScript = "diff \"${PODS_PODFILE_DIR_PATH}/Podfile.lock\" \"${PODS_ROOT}/Manifest.lock\" > /dev/null\nif [ $? != 0 ] ; then\n    # print error to STDERR\n    echo \"error: The sandbox is not in sync with the Podfile.lock. Run 'pod install' or update your CocoaPods installation.\" >&2\n    exit 1\nfi\n# This output is used by Xcode 'outputs' to avoid re-running this script phase.\necho \"SUCCESS\" > \"${SCRIPT_OUTPUT_FILE_0}\"\n";
			showEnvVarsInLog = 0;
		};
		A72EE762BC1C55E4D4F1EFC4 /* [CP] Embed Pods Frameworks */ = {
			isa = PBXShellScriptBuildPhase;
			buildActionMask = 2147483647;
			files = (
			);
			inputPaths = (
			);
			name = "[CP] Embed Pods Frameworks";
			outputPaths = (
			);
			runOnlyForDeploymentPostprocessing = 0;
			shellPath = /bin/sh;
			shellScript = "\"${SRCROOT}/Pods/Target Support Files/Pods-skeleton/Pods-skeleton-frameworks.sh\"\n";
			showEnvVarsInLog = 0;
		};
/* End PBXShellScriptBuildPhase section */

/* Begin PBXSourcesBuildPhase section */
		46665A0A1B04EF5E00570495 /* Sources */ = {
			isa = PBXSourcesBuildPhase;
			buildActionMask = 2147483647;
			files = (
				C24838C11B051B4200125E05 /* ViewController.m in Sources */,
				C24838C01B051B4200125E05 /* main.m in Sources */,
				C24838AD1B05192200125E05 /* AppDelegate.m in Sources */,
			);
			runOnlyForDeploymentPostprocessing = 0;
		};
/* End PBXSourcesBuildPhase section */

/* Begin XCBuildConfiguration section */
		46665A2F1B04EF5E00570495 /* Debug */ = {
			isa = XCBuildConfiguration;
			buildSettings = {
				ALWAYS_SEARCH_USER_PATHS = NO;
				CLANG_CXX_LANGUAGE_STANDARD = "gnu++0x";
				CLANG_CXX_LIBRARY = "libc++";
				CLANG_ENABLE_MODULES = YES;
				CLANG_ENABLE_OBJC_ARC = YES;
				CLANG_WARN_BLOCK_CAPTURE_AUTORELEASING = YES;
				CLANG_WARN_BOOL_CONVERSION = YES;
				CLANG_WARN_COMMA = YES;
				CLANG_WARN_CONSTANT_CONVERSION = YES;
				CLANG_WARN_DIRECT_OBJC_ISA_USAGE = YES_ERROR;
				CLANG_WARN_EMPTY_BODY = YES;
				CLANG_WARN_ENUM_CONVERSION = YES;
				CLANG_WARN_INFINITE_RECURSION = YES;
				CLANG_WARN_INT_CONVERSION = YES;
				CLANG_WARN_NON_LITERAL_NULL_CONVERSION = YES;
				CLANG_WARN_OBJC_LITERAL_CONVERSION = YES;
				CLANG_WARN_OBJC_ROOT_CLASS = YES_ERROR;
				CLANG_WARN_RANGE_LOOP_ANALYSIS = YES;
				CLANG_WARN_STRICT_PROTOTYPES = YES;
				CLANG_WARN_SUSPICIOUS_MOVE = YES;
				CLANG_WARN_UNREACHABLE_CODE = YES;
				CLANG_WARN__DUPLICATE_METHOD_MATCH = YES;
				"CODE_SIGN_IDENTITY[sdk=iphoneos*]" = "iPhone Developer";
				COPY_PHASE_STRIP = NO;
				DEBUG_INFORMATION_FORMAT = "dwarf-with-dsym";
				ENABLE_STRICT_OBJC_MSGSEND = YES;
				ENABLE_TESTABILITY = YES;
				GCC_C_LANGUAGE_STANDARD = gnu99;
				GCC_DYNAMIC_NO_PIC = NO;
				GCC_NO_COMMON_BLOCKS = YES;
				GCC_OPTIMIZATION_LEVEL = 0;
				GCC_PRECOMPILE_PREFIX_HEADER = YES;
				GCC_PREFIX_HEADER = Prefix.pch;
				GCC_PREPROCESSOR_DEFINITIONS = (
					"DEBUG=1",
					"$(inherited)",
				);
				GCC_SYMBOLS_PRIVATE_EXTERN = NO;
				GCC_WARN_64_TO_32_BIT_CONVERSION = YES;
				GCC_WARN_ABOUT_RETURN_TYPE = YES_ERROR;
				GCC_WARN_UNDECLARED_SELECTOR = YES;
				GCC_WARN_UNINITIALIZED_AUTOS = YES_AGGRESSIVE;
				GCC_WARN_UNUSED_FUNCTION = YES;
				GCC_WARN_UNUSED_VARIABLE = YES;
				IPHONEOS_DEPLOYMENT_TARGET = 8.3;
				MTL_ENABLE_DEBUG_INFO = YES;
				ONLY_ACTIVE_ARCH = YES;
				SDKROOT = iphoneos;
			};
			name = Debug;
		};
		46665A301B04EF5E00570495 /* Release */ = {
			isa = XCBuildConfiguration;
			buildSettings = {
				ALWAYS_SEARCH_USER_PATHS = NO;
				CLANG_CXX_LANGUAGE_STANDARD = "gnu++0x";
				CLANG_CXX_LIBRARY = "libc++";
				CLANG_ENABLE_MODULES = YES;
				CLANG_ENABLE_OBJC_ARC = YES;
				CLANG_WARN_BLOCK_CAPTURE_AUTORELEASING = YES;
				CLANG_WARN_BOOL_CONVERSION = YES;
				CLANG_WARN_COMMA = YES;
				CLANG_WARN_CONSTANT_CONVERSION = YES;
				CLANG_WARN_DIRECT_OBJC_ISA_USAGE = YES_ERROR;
				CLANG_WARN_EMPTY_BODY = YES;
				CLANG_WARN_ENUM_CONVERSION = YES;
				CLANG_WARN_INFINITE_RECURSION = YES;
				CLANG_WARN_INT_CONVERSION = YES;
				CLANG_WARN_NON_LITERAL_NULL_CONVERSION = YES;
				CLANG_WARN_OBJC_LITERAL_CONVERSION = YES;
				CLANG_WARN_OBJC_ROOT_CLASS = YES_ERROR;
				CLANG_WARN_RANGE_LOOP_ANALYSIS = YES;
				CLANG_WARN_STRICT_PROTOTYPES = YES;
				CLANG_WARN_SUSPICIOUS_MOVE = YES;
				CLANG_WARN_UNREACHABLE_CODE = YES;
				CLANG_WARN__DUPLICATE_METHOD_MATCH = YES;
				"CODE_SIGN_IDENTITY[sdk=iphoneos*]" = "iPhone Developer";
				COPY_PHASE_STRIP = NO;
				DEBUG_INFORMATION_FORMAT = "dwarf-with-dsym";
				ENABLE_NS_ASSERTIONS = NO;
				ENABLE_STRICT_OBJC_MSGSEND = YES;
				GCC_C_LANGUAGE_STANDARD = gnu99;
				GCC_NO_COMMON_BLOCKS = YES;
				GCC_PRECOMPILE_PREFIX_HEADER = YES;
				GCC_PREFIX_HEADER = Prefix.pch;
				GCC_WARN_64_TO_32_BIT_CONVERSION = YES;
				GCC_WARN_ABOUT_RETURN_TYPE = YES_ERROR;
				GCC_WARN_UNDECLARED_SELECTOR = YES;
				GCC_WARN_UNINITIALIZED_AUTOS = YES_AGGRESSIVE;
				GCC_WARN_UNUSED_FUNCTION = YES;
				GCC_WARN_UNUSED_VARIABLE = YES;
				IPHONEOS_DEPLOYMENT_TARGET = 8.3;
				MTL_ENABLE_DEBUG_INFO = NO;
				SDKROOT = iphoneos;
				VALIDATE_PRODUCT = YES;
			};
			name = Release;
		};
		46665A321B04EF5E00570495 /* Debug */ = {
			isa = XCBuildConfiguration;
			baseConfigurationReference = 4B7022C96B360C6B25C9511F /* Pods-skeleton.debug.xcconfig */;
			buildSettings = {
				ASSETCATALOG_COMPILER_APPICON_NAME = AppIcon;
				GCC_PREFIX_HEADER = src/support/prefix.pch;
				INFOPLIST_FILE = src/support/info.plist;
				LD_RUNPATH_SEARCH_PATHS = "$(inherited) @executable_path/Frameworks";
				PRODUCT_BUNDLE_IDENTIFIER = "pt.hive.$(PRODUCT_NAME:rfc1034identifier)";
				PRODUCT_NAME = skeleton;
			};
			name = Debug;
		};
		46665A331B04EF5E00570495 /* Release */ = {
			isa = XCBuildConfiguration;
			baseConfigurationReference = 3E5C55525E3287A6B916CA6D /* Pods-skeleton.release.xcconfig */;
			buildSettings = {
				ASSETCATALOG_COMPILER_APPICON_NAME = AppIcon;
				GCC_PREFIX_HEADER = src/support/prefix.pch;
				INFOPLIST_FILE = src/support/info.plist;
				LD_RUNPATH_SEARCH_PATHS = "$(inherited) @executable_path/Frameworks";
				PRODUCT_BUNDLE_IDENTIFIER = "pt.hive.$(PRODUCT_NAME:rfc1034identifier)";
				PRODUCT_NAME = skeleton;
			};
			name = Release;
		};
/* End XCBuildConfiguration section */

/* Begin XCConfigurationList section */
		46665A091B04EF5E00570495 /* Build configuration list for PBXProject "ios_skeleton" */ = {
			isa = XCConfigurationList;
			buildConfigurations = (
				46665A2F1B04EF5E00570495 /* Debug */,
				46665A301B04EF5E00570495 /* Release */,
			);
			defaultConfigurationIsVisible = 0;
			defaultConfigurationName = Release;
		};
		46665A311B04EF5E00570495 /* Build configuration list for PBXNativeTarget "skeleton" */ = {
			isa = XCConfigurationList;
			buildConfigurations = (
				46665A321B04EF5E00570495 /* Debug */,
				46665A331B04EF5E00570495 /* Release */,
			);
			defaultConfigurationIsVisible = 0;
			defaultConfigurationName = Release;
		};
/* End XCConfigurationList section */
	};
	rootObject = 46665A061B04EF5E00570495 /* Project object */;
}
